// !$*UTF8*$!
{
	archiveVersion = 1;
	classes = {
	};
	objectVersion = 46;
	objects = {

/* Begin PBXBuildFile section */
		688C7DC41B467E790009AF6D /* zoom-in.png in Resources */ = {isa = PBXBuildFile; fileRef = 688C7DC31B467E790009AF6D /* zoom-in.png */; };
		688C7DC71B467FD70009AF6D /* ZoomZoomPicView.m in Sources */ = {isa = PBXBuildFile; fileRef = 688C7DC61B467FD70009AF6D /* ZoomZoomPicView.m */; };
		688C7DCB1B4798FF0009AF6D /* joyceasd_full.jpg in Resources */ = {isa = PBXBuildFile; fileRef = 688C7DC91B4798FF0009AF6D /* joyceasd_full.jpg */; };
		688C7DCC1B4798FF0009AF6D /* joyceasd_thumb.jpg in Resources */ = {isa = PBXBuildFile; fileRef = 688C7DCA1B4798FF0009AF6D /* joyceasd_thumb.jpg */; };
		688C7DCF1B479D690009AF6D /* dismiss.png in Resources */ = {isa = PBXBuildFile; fileRef = 688C7DCD1B479D690009AF6D /* dismiss.png */; };
		688C7DD01B479D690009AF6D /* words.png in Resources */ = {isa = PBXBuildFile; fileRef = 688C7DCE1B479D690009AF6D /* words.png */; };
		688C7DD31B48F9720009AF6D /* janettomfox_full.jpg in Resources */ = {isa = PBXBuildFile; fileRef = 688C7DD11B48F9720009AF6D /* janettomfox_full.jpg */; };
		688C7DD41B48F9720009AF6D /* janettomfox_thumb.jpg in Resources */ = {isa = PBXBuildFile; fileRef = 688C7DD21B48F9720009AF6D /* janettomfox_thumb.jpg */; };
		688C7DD71B48FCAA0009AF6D /* 許栩_full.jpg in Resources */ = {isa = PBXBuildFile; fileRef = 688C7DD51B48FCAA0009AF6D /* 許栩_full.jpg */; };
		688C7DD81B48FCAA0009AF6D /* 許栩_thumb.jpg in Resources */ = {isa = PBXBuildFile; fileRef = 688C7DD61B48FCAA0009AF6D /* 許栩_thumb.jpg */; };
		688C7DDB1B49BA040009AF6D /* 小智土星_full.jpg in Resources */ = {isa = PBXBuildFile; fileRef = 688C7DD91B49BA040009AF6D /* 小智土星_full.jpg */; };
		688C7DDC1B49BA040009AF6D /* 小智土星_thumb.jpg in Resources */ = {isa = PBXBuildFile; fileRef = 688C7DDA1B49BA040009AF6D /* 小智土星_thumb.jpg */; };
		688C7DE11B49BC820009AF6D /* 嘉瑋_full.jpg in Resources */ = {isa = PBXBuildFile; fileRef = 688C7DDD1B49BC820009AF6D /* 嘉瑋_full.jpg */; };
		688C7DE21B49BC820009AF6D /* 嘉瑋_thumb.jpg in Resources */ = {isa = PBXBuildFile; fileRef = 688C7DDE1B49BC820009AF6D /* 嘉瑋_thumb.jpg */; };
		688C7DE31B49BC820009AF6D /* 威良_full.jpg in Resources */ = {isa = PBXBuildFile; fileRef = 688C7DDF1B49BC820009AF6D /* 威良_full.jpg */; };
		688C7DE41B49BC820009AF6D /* 威良_thumb.jpg in Resources */ = {isa = PBXBuildFile; fileRef = 688C7DE01B49BC820009AF6D /* 威良_thumb.jpg */; };
		688C7DE71B49F1410009AF6D /* SplashView.m in Sources */ = {isa = PBXBuildFile; fileRef = 688C7DE61B49F1410009AF6D /* SplashView.m */; };
		688C7DEC1B4A110D0009AF6D /* timku_full.jpg in Resources */ = {isa = PBXBuildFile; fileRef = 688C7DEA1B4A110D0009AF6D /* timku_full.jpg */; };
		688C7DED1B4A110D0009AF6D /* timku_thumb.jpg in Resources */ = {isa = PBXBuildFile; fileRef = 688C7DEB1B4A110D0009AF6D /* timku_thumb.jpg */; };
		688C7DF01B4A118D0009AF6D /* davidlin_full.jpg in Resources */ = {isa = PBXBuildFile; fileRef = 688C7DEE1B4A118D0009AF6D /* davidlin_full.jpg */; };
		688C7DF11B4A118D0009AF6D /* davidlin_thumb.jpg in Resources */ = {isa = PBXBuildFile; fileRef = 688C7DEF1B4A118D0009AF6D /* davidlin_thumb.jpg */; };
		688C7DF31B4B91AE0009AF6D /* SplashView.xib in Resources */ = {isa = PBXBuildFile; fileRef = 688C7DF21B4B91AE0009AF6D /* SplashView.xib */; };
		6897B76A1B3A846300C79DE2 /* main.m in Sources */ = {isa = PBXBuildFile; fileRef = 6897B7691B3A846300C79DE2 /* main.m */; };
		6897B76D1B3A846300C79DE2 /* AppDelegate.m in Sources */ = {isa = PBXBuildFile; fileRef = 6897B76C1B3A846300C79DE2 /* AppDelegate.m */; };
		6897B7731B3A846300C79DE2 /* Main.storyboard in Resources */ = {isa = PBXBuildFile; fileRef = 6897B7711B3A846300C79DE2 /* Main.storyboard */; };
		6897B7751B3A846300C79DE2 /* Images.xcassets in Resources */ = {isa = PBXBuildFile; fileRef = 6897B7741B3A846300C79DE2 /* Images.xcassets */; };
		6897B7781B3A846300C79DE2 /* LaunchScreen.xib in Resources */ = {isa = PBXBuildFile; fileRef = 6897B7761B3A846300C79DE2 /* LaunchScreen.xib */; };
		6897B7841B3A846300C79DE2 /* NicoleHBDTests.m in Sources */ = {isa = PBXBuildFile; fileRef = 6897B7831B3A846300C79DE2 /* NicoleHBDTests.m */; };
		68CCA8291B3BC795004E9B49 /* MainViewController.m in Sources */ = {isa = PBXBuildFile; fileRef = 68CCA8281B3BC795004E9B49 /* MainViewController.m */; };
		68CCA82F1B3BCD38004E9B49 /* Utilities.m in Sources */ = {isa = PBXBuildFile; fileRef = 68CCA82E1B3BCD38004E9B49 /* Utilities.m */; };
		68CCA8371B3FD63F004E9B49 /* Bolts.framework in Frameworks */ = {isa = PBXBuildFile; fileRef = 68CCA8311B3FD63F004E9B49 /* Bolts.framework */; };
		68CCA8381B3FD63F004E9B49 /* Parse.framework in Frameworks */ = {isa = PBXBuildFile; fileRef = 68CCA8321B3FD63F004E9B49 /* Parse.framework */; };
		68CCA83E1B3FD7CD004E9B49 /* libsqlite3.dylib in Frameworks */ = {isa = PBXBuildFile; fileRef = 68CCA83D1B3FD7CD004E9B49 /* libsqlite3.dylib */; };
		68CCA8401B3FD80D004E9B49 /* SystemConfiguration.framework in Frameworks */ = {isa = PBXBuildFile; fileRef = 68CCA83F1B3FD80D004E9B49 /* SystemConfiguration.framework */; };
		68CCA8441B3FD8DC004E9B49 /* AudioToolbox.framework in Frameworks */ = {isa = PBXBuildFile; fileRef = 68CCA8431B3FD8DC004E9B49 /* AudioToolbox.framework */; };
		68D38D961B427968009F1511 /* BCWebImageView.m in Sources */ = {isa = PBXBuildFile; fileRef = 68D38D951B427968009F1511 /* BCWebImageView.m */; };
		68D38D9C1B427E07009F1511 /* timw_full.jpg in Resources */ = {isa = PBXBuildFile; fileRef = 68D38D981B427E07009F1511 /* timw_full.jpg */; };
		68D38D9D1B427E07009F1511 /* timw_thumb.jpg in Resources */ = {isa = PBXBuildFile; fileRef = 68D38D991B427E07009F1511 /* timw_thumb.jpg */; };
		68D38D9E1B427E07009F1511 /* york_full.jpg in Resources */ = {isa = PBXBuildFile; fileRef = 68D38D9A1B427E07009F1511 /* york_full.jpg */; };
		68D38D9F1B427E07009F1511 /* york_thumb.jpg in Resources */ = {isa = PBXBuildFile; fileRef = 68D38D9B1B427E07009F1511 /* york_thumb.jpg */; };
		68D38DA11B43ADE3009F1511 /* facade_circle.png in Resources */ = {isa = PBXBuildFile; fileRef = 68D38DA01B43ADE3009F1511 /* facade_circle.png */; };
		68D38DA41B43BAFE009F1511 /* BypassTouchImageView.m in Sources */ = {isa = PBXBuildFile; fileRef = 68D38DA31B43BAFE009F1511 /* BypassTouchImageView.m */; };
		68D38DA71B43BEA3009F1511 /* james_full.jpg in Resources */ = {isa = PBXBuildFile; fileRef = 68D38DA51B43BEA3009F1511 /* james_full.jpg */; };
		68D38DA81B43BEA3009F1511 /* james_thumb.jpg in Resources */ = {isa = PBXBuildFile; fileRef = 68D38DA61B43BEA3009F1511 /* james_thumb.jpg */; };
		68D38DB51B43C44B009F1511 /* pat_full.jpg in Resources */ = {isa = PBXBuildFile; fileRef = 68D38DAB1B43C44B009F1511 /* pat_full.jpg */; };
		68D38DB61B43C44B009F1511 /* pat_thumb.jpg in Resources */ = {isa = PBXBuildFile; fileRef = 68D38DAC1B43C44B009F1511 /* pat_thumb.jpg */; };
		68D38DB71B43C44B009F1511 /* sasalu_full.jpg in Resources */ = {isa = PBXBuildFile; fileRef = 68D38DAD1B43C44B009F1511 /* sasalu_full.jpg */; };
		68D38DB81B43C44B009F1511 /* sasalu_thumb.jpg in Resources */ = {isa = PBXBuildFile; fileRef = 68D38DAE1B43C44B009F1511 /* sasalu_thumb.jpg */; };
		68D38DB91B43C44B009F1511 /* YY_full.jpg in Resources */ = {isa = PBXBuildFile; fileRef = 68D38DAF1B43C44B009F1511 /* YY_full.jpg */; };
		68D38DBA1B43C44B009F1511 /* YY_thumb.jpg in Resources */ = {isa = PBXBuildFile; fileRef = 68D38DB01B43C44B009F1511 /* YY_thumb.jpg */; };
		68D38DBB1B43C44B009F1511 /* 雄_full.jpg in Resources */ = {isa = PBXBuildFile; fileRef = 68D38DB11B43C44B009F1511 /* 雄_full.jpg */; };
		68D38DBC1B43C44B009F1511 /* 雄_thumb.jpg in Resources */ = {isa = PBXBuildFile; fileRef = 68D38DB21B43C44B009F1511 /* 雄_thumb.jpg */; };
		68D38DBF1B43D9C6009F1511 /* janet_full.jpg in Resources */ = {isa = PBXBuildFile; fileRef = 68D38DBD1B43D9C6009F1511 /* janet_full.jpg */; };
		68D38DC01B43D9C6009F1511 /* janet_thumb.jpg in Resources */ = {isa = PBXBuildFile; fileRef = 68D38DBE1B43D9C6009F1511 /* janet_thumb.jpg */; };
		68D38DC71B450BE6009F1511 /* fei_full.jpg in Resources */ = {isa = PBXBuildFile; fileRef = 68D38DC11B450BE6009F1511 /* fei_full.jpg */; };
		68D38DC81B450BE6009F1511 /* fei_thumb.jpg in Resources */ = {isa = PBXBuildFile; fileRef = 68D38DC21B450BE6009F1511 /* fei_thumb.jpg */; };
		68D38DC91B450BE6009F1511 /* wind_full.jpg in Resources */ = {isa = PBXBuildFile; fileRef = 68D38DC31B450BE6009F1511 /* wind_full.jpg */; };
		68D38DCA1B450BE6009F1511 /* wind_thumb.jpg in Resources */ = {isa = PBXBuildFile; fileRef = 68D38DC41B450BE6009F1511 /* wind_thumb.jpg */; };
		68D38DCB1B450BE6009F1511 /* wizard_full.jpg in Resources */ = {isa = PBXBuildFile; fileRef = 68D38DC51B450BE6009F1511 /* wizard_full.jpg */; };
		68D38DCC1B450BE6009F1511 /* wizard_thumb.jpg in Resources */ = {isa = PBXBuildFile; fileRef = 68D38DC61B450BE6009F1511 /* wizard_thumb.jpg */; };
		68D38DCF1B45108A009F1511 /* PicsCollectionViewController.m in Sources */ = {isa = PBXBuildFile; fileRef = 68D38DCE1B45108A009F1511 /* PicsCollectionViewController.m */; };
		68D38DD21B4523CD009F1511 /* photography.png in Resources */ = {isa = PBXBuildFile; fileRef = 68D38DD01B4523CD009F1511 /* photography.png */; };
		68D38DD31B4523CD009F1511 /* refresh.png in Resources */ = {isa = PBXBuildFile; fileRef = 68D38DD11B4523CD009F1511 /* refresh.png */; };
		68D38DD61B4635C0009F1511 /* PicsCollectionViewCell.m in Sources */ = {isa = PBXBuildFile; fileRef = 68D38DD51B4635C0009F1511 /* PicsCollectionViewCell.m */; };
		8F4FE2A91B4C4FE0008AC2D9 /* jasonbill_full.jpg in Resources */ = {isa = PBXBuildFile; fileRef = 8F4FE2A71B4C4FE0008AC2D9 /* jasonbill_full.jpg */; };
		8F4FE2AA1B4C4FE0008AC2D9 /* jasonbill_thumb.jpg in Resources */ = {isa = PBXBuildFile; fileRef = 8F4FE2A81B4C4FE0008AC2D9 /* jasonbill_thumb.jpg */; };
		8F4FE2AD1B4C5060008AC2D9 /* 六_full.jpg in Resources */ = {isa = PBXBuildFile; fileRef = 8F4FE2AB1B4C5060008AC2D9 /* 六_full.jpg */; };
		8F4FE2AE1B4C5060008AC2D9 /* 六_thumb.jpg in Resources */ = {isa = PBXBuildFile; fileRef = 8F4FE2AC1B4C5060008AC2D9 /* 六_thumb.jpg */; };
		8F4FE2B11B4C5312008AC2D9 /* angela_full.jpg in Resources */ = {isa = PBXBuildFile; fileRef = 8F4FE2AF1B4C5312008AC2D9 /* angela_full.jpg */; };
		8F4FE2B21B4C5312008AC2D9 /* angela_thumb.jpg in Resources */ = {isa = PBXBuildFile; fileRef = 8F4FE2B01B4C5312008AC2D9 /* angela_thumb.jpg */; };
		8F8E698C1B4AF12C0007836D /* birdway_full.jpg in Resources */ = {isa = PBXBuildFile; fileRef = 8F8E69861B4AF12C0007836D /* birdway_full.jpg */; };
		8F8E698D1B4AF12C0007836D /* birdway_thumb.jpg in Resources */ = {isa = PBXBuildFile; fileRef = 8F8E69871B4AF12C0007836D /* birdway_thumb.jpg */; };
		8F8E698E1B4AF12C0007836D /* dot_full.jpg in Resources */ = {isa = PBXBuildFile; fileRef = 8F8E69881B4AF12C0007836D /* dot_full.jpg */; };
		8F8E698F1B4AF12C0007836D /* dot_thumb.jpg in Resources */ = {isa = PBXBuildFile; fileRef = 8F8E69891B4AF12C0007836D /* dot_thumb.jpg */; };
		8F8E69901B4AF12C0007836D /* 五福_full.jpg in Resources */ = {isa = PBXBuildFile; fileRef = 8F8E698A1B4AF12C0007836D /* 五福_full.jpg */; };
		8F8E69911B4AF12C0007836D /* 五福_thumb.jpg in Resources */ = {isa = PBXBuildFile; fileRef = 8F8E698B1B4AF12C0007836D /* 五福_thumb.jpg */; };
		8F8E69961B4AF5A80007836D /* chihying_full.jpg in Resources */ = {isa = PBXBuildFile; fileRef = 8F8E69921B4AF5A80007836D /* chihying_full.jpg */; };
		8F8E69971B4AF5A80007836D /* chihying_thumb.jpg in Resources */ = {isa = PBXBuildFile; fileRef = 8F8E69931B4AF5A80007836D /* chihying_thumb.jpg */; };
		8F8E69981B4AF5A80007836D /* rhyme_full.jpg in Resources */ = {isa = PBXBuildFile; fileRef = 8F8E69941B4AF5A80007836D /* rhyme_full.jpg */; };
		8F8E69991B4AF5A80007836D /* rhyme_thumb.jpg in Resources */ = {isa = PBXBuildFile; fileRef = 8F8E69951B4AF5A80007836D /* rhyme_thumb.jpg */; };
		8F8E699C1B4B00630007836D /* derek_full.jpg in Resources */ = {isa = PBXBuildFile; fileRef = 8F8E699A1B4B00630007836D /* derek_full.jpg */; };
		8F8E699D1B4B00630007836D /* derek_thumb.jpg in Resources */ = {isa = PBXBuildFile; fileRef = 8F8E699B1B4B00630007836D /* derek_thumb.jpg */; };
/* End PBXBuildFile section */

/* Begin PBXContainerItemProxy section */
		6897B77E1B3A846300C79DE2 /* PBXContainerItemProxy */ = {
			isa = PBXContainerItemProxy;
			containerPortal = 6897B75C1B3A846300C79DE2 /* Project object */;
			proxyType = 1;
			remoteGlobalIDString = 6897B7631B3A846300C79DE2;
			remoteInfo = NicoleHBD;
		};
/* End PBXContainerItemProxy section */

/* Begin PBXFileReference section */
		688C7DC31B467E790009AF6D /* zoom-in.png */ = {isa = PBXFileReference; lastKnownFileType = image.png; path = "zoom-in.png"; sourceTree = SOURCE_ROOT; };
		688C7DC51B467FD70009AF6D /* ZoomZoomPicView.h */ = {isa = PBXFileReference; fileEncoding = 4; lastKnownFileType = sourcecode.c.h; path = ZoomZoomPicView.h; sourceTree = "<group>"; };
		688C7DC61B467FD70009AF6D /* ZoomZoomPicView.m */ = {isa = PBXFileReference; fileEncoding = 4; lastKnownFileType = sourcecode.c.objc; path = ZoomZoomPicView.m; sourceTree = "<group>"; };
		688C7DC81B46924D0009AF6D /* Definitions.h */ = {isa = PBXFileReference; lastKnownFileType = sourcecode.c.h; path = Definitions.h; sourceTree = "<group>"; };
		688C7DC91B4798FF0009AF6D /* joyceasd_full.jpg */ = {isa = PBXFileReference; lastKnownFileType = image.jpeg; name = joyceasd_full.jpg; path = BirthdayPics/joyceasd_full.jpg; sourceTree = "<group>"; };
		688C7DCA1B4798FF0009AF6D /* joyceasd_thumb.jpg */ = {isa = PBXFileReference; lastKnownFileType = image.jpeg; name = joyceasd_thumb.jpg; path = BirthdayPics/joyceasd_thumb.jpg; sourceTree = "<group>"; };
		688C7DCD1B479D690009AF6D /* dismiss.png */ = {isa = PBXFileReference; lastKnownFileType = image.png; path = dismiss.png; sourceTree = SOURCE_ROOT; };
		688C7DCE1B479D690009AF6D /* words.png */ = {isa = PBXFileReference; lastKnownFileType = image.png; path = words.png; sourceTree = SOURCE_ROOT; };
		688C7DD11B48F9720009AF6D /* janettomfox_full.jpg */ = {isa = PBXFileReference; lastKnownFileType = image.jpeg; name = janettomfox_full.jpg; path = BirthdayPics/janettomfox_full.jpg; sourceTree = "<group>"; };
		688C7DD21B48F9720009AF6D /* janettomfox_thumb.jpg */ = {isa = PBXFileReference; lastKnownFileType = image.jpeg; name = janettomfox_thumb.jpg; path = BirthdayPics/janettomfox_thumb.jpg; sourceTree = "<group>"; };
		688C7DD51B48FCAA0009AF6D /* 許栩_full.jpg */ = {isa = PBXFileReference; lastKnownFileType = image.jpeg; name = "許栩_full.jpg"; path = "BirthdayPics/許栩_full.jpg"; sourceTree = "<group>"; };
		688C7DD61B48FCAA0009AF6D /* 許栩_thumb.jpg */ = {isa = PBXFileReference; lastKnownFileType = image.jpeg; name = "許栩_thumb.jpg"; path = "BirthdayPics/許栩_thumb.jpg"; sourceTree = "<group>"; };
		688C7DD91B49BA040009AF6D /* 小智土星_full.jpg */ = {isa = PBXFileReference; lastKnownFileType = image.jpeg; name = "小智土星_full.jpg"; path = "BirthdayPics/小智土星_full.jpg"; sourceTree = "<group>"; };
		688C7DDA1B49BA040009AF6D /* 小智土星_thumb.jpg */ = {isa = PBXFileReference; lastKnownFileType = image.jpeg; name = "小智土星_thumb.jpg"; path = "BirthdayPics/小智土星_thumb.jpg"; sourceTree = "<group>"; };
		688C7DDD1B49BC820009AF6D /* 嘉瑋_full.jpg */ = {isa = PBXFileReference; lastKnownFileType = image.jpeg; name = "嘉瑋_full.jpg"; path = "BirthdayPics/嘉瑋_full.jpg"; sourceTree = "<group>"; };
		688C7DDE1B49BC820009AF6D /* 嘉瑋_thumb.jpg */ = {isa = PBXFileReference; lastKnownFileType = image.jpeg; name = "嘉瑋_thumb.jpg"; path = "BirthdayPics/嘉瑋_thumb.jpg"; sourceTree = "<group>"; };
		688C7DDF1B49BC820009AF6D /* 威良_full.jpg */ = {isa = PBXFileReference; lastKnownFileType = image.jpeg; name = "威良_full.jpg"; path = "BirthdayPics/威良_full.jpg"; sourceTree = "<group>"; };
		688C7DE01B49BC820009AF6D /* 威良_thumb.jpg */ = {isa = PBXFileReference; lastKnownFileType = image.jpeg; name = "威良_thumb.jpg"; path = "BirthdayPics/威良_thumb.jpg"; sourceTree = "<group>"; };
		688C7DE51B49F1410009AF6D /* SplashView.h */ = {isa = PBXFileReference; fileEncoding = 4; lastKnownFileType = sourcecode.c.h; path = SplashView.h; sourceTree = "<group>"; };
		688C7DE61B49F1410009AF6D /* SplashView.m */ = {isa = PBXFileReference; fileEncoding = 4; lastKnownFileType = sourcecode.c.objc; path = SplashView.m; sourceTree = "<group>"; };
		688C7DEA1B4A110D0009AF6D /* timku_full.jpg */ = {isa = PBXFileReference; lastKnownFileType = image.jpeg; name = timku_full.jpg; path = BirthdayPics/timku_full.jpg; sourceTree = "<group>"; };
		688C7DEB1B4A110D0009AF6D /* timku_thumb.jpg */ = {isa = PBXFileReference; lastKnownFileType = image.jpeg; name = timku_thumb.jpg; path = BirthdayPics/timku_thumb.jpg; sourceTree = "<group>"; };
		688C7DEE1B4A118D0009AF6D /* davidlin_full.jpg */ = {isa = PBXFileReference; lastKnownFileType = image.jpeg; name = davidlin_full.jpg; path = BirthdayPics/davidlin_full.jpg; sourceTree = "<group>"; };
		688C7DEF1B4A118D0009AF6D /* davidlin_thumb.jpg */ = {isa = PBXFileReference; lastKnownFileType = image.jpeg; name = davidlin_thumb.jpg; path = BirthdayPics/davidlin_thumb.jpg; sourceTree = "<group>"; };
		688C7DF21B4B91AE0009AF6D /* SplashView.xib */ = {isa = PBXFileReference; fileEncoding = 4; lastKnownFileType = file.xib; path = SplashView.xib; sourceTree = "<group>"; };
		6897B7641B3A846300C79DE2 /* NicoleHBD.app */ = {isa = PBXFileReference; explicitFileType = wrapper.application; includeInIndex = 0; path = NicoleHBD.app; sourceTree = BUILT_PRODUCTS_DIR; };
		6897B7681B3A846300C79DE2 /* Info.plist */ = {isa = PBXFileReference; lastKnownFileType = text.plist.xml; path = Info.plist; sourceTree = "<group>"; };
		6897B7691B3A846300C79DE2 /* main.m */ = {isa = PBXFileReference; lastKnownFileType = sourcecode.c.objc; path = main.m; sourceTree = "<group>"; };
		6897B76B1B3A846300C79DE2 /* AppDelegate.h */ = {isa = PBXFileReference; lastKnownFileType = sourcecode.c.h; path = AppDelegate.h; sourceTree = "<group>"; };
		6897B76C1B3A846300C79DE2 /* AppDelegate.m */ = {isa = PBXFileReference; lastKnownFileType = sourcecode.c.objc; path = AppDelegate.m; sourceTree = "<group>"; };
		6897B7721B3A846300C79DE2 /* Base */ = {isa = PBXFileReference; lastKnownFileType = file.storyboard; name = Base; path = Base.lproj/Main.storyboard; sourceTree = "<group>"; };
		6897B7741B3A846300C79DE2 /* Images.xcassets */ = {isa = PBXFileReference; lastKnownFileType = folder.assetcatalog; path = Images.xcassets; sourceTree = "<group>"; };
		6897B7771B3A846300C79DE2 /* Base */ = {isa = PBXFileReference; lastKnownFileType = file.xib; name = Base; path = Base.lproj/LaunchScreen.xib; sourceTree = "<group>"; };
		6897B77D1B3A846300C79DE2 /* NicoleHBDTests.xctest */ = {isa = PBXFileReference; explicitFileType = wrapper.cfbundle; includeInIndex = 0; path = NicoleHBDTests.xctest; sourceTree = BUILT_PRODUCTS_DIR; };
		6897B7821B3A846300C79DE2 /* Info.plist */ = {isa = PBXFileReference; lastKnownFileType = text.plist.xml; path = Info.plist; sourceTree = "<group>"; };
		6897B7831B3A846300C79DE2 /* NicoleHBDTests.m */ = {isa = PBXFileReference; lastKnownFileType = sourcecode.c.objc; path = NicoleHBDTests.m; sourceTree = "<group>"; };
		68CCA8271B3BC795004E9B49 /* MainViewController.h */ = {isa = PBXFileReference; fileEncoding = 4; lastKnownFileType = sourcecode.c.h; path = MainViewController.h; sourceTree = "<group>"; };
		68CCA8281B3BC795004E9B49 /* MainViewController.m */ = {isa = PBXFileReference; fileEncoding = 4; lastKnownFileType = sourcecode.c.objc; path = MainViewController.m; sourceTree = "<group>"; };
		68CCA82D1B3BCD38004E9B49 /* Utilities.h */ = {isa = PBXFileReference; fileEncoding = 4; lastKnownFileType = sourcecode.c.h; path = Utilities.h; sourceTree = "<group>"; };
		68CCA82E1B3BCD38004E9B49 /* Utilities.m */ = {isa = PBXFileReference; fileEncoding = 4; lastKnownFileType = sourcecode.c.objc; path = Utilities.m; sourceTree = "<group>"; };
		68CCA8311B3FD63F004E9B49 /* Bolts.framework */ = {isa = PBXFileReference; lastKnownFileType = wrapper.framework; name = Bolts.framework; path = ParseSDK/Bolts.framework; sourceTree = "<group>"; };
		68CCA8321B3FD63F004E9B49 /* Parse.framework */ = {isa = PBXFileReference; lastKnownFileType = wrapper.framework; name = Parse.framework; path = ParseSDK/Parse.framework; sourceTree = "<group>"; };
		68CCA83D1B3FD7CD004E9B49 /* libsqlite3.dylib */ = {isa = PBXFileReference; lastKnownFileType = "compiled.mach-o.dylib"; name = libsqlite3.dylib; path = usr/lib/libsqlite3.dylib; sourceTree = SDKROOT; };
		68CCA83F1B3FD80D004E9B49 /* SystemConfiguration.framework */ = {isa = PBXFileReference; lastKnownFileType = wrapper.framework; name = SystemConfiguration.framework; path = System/Library/Frameworks/SystemConfiguration.framework; sourceTree = SDKROOT; };
		68CCA8411B3FD823004E9B49 /* CFNetwork.framework */ = {isa = PBXFileReference; lastKnownFileType = wrapper.framework; name = CFNetwork.framework; path = System/Library/Frameworks/CFNetwork.framework; sourceTree = SDKROOT; };
		68CCA8431B3FD8DC004E9B49 /* AudioToolbox.framework */ = {isa = PBXFileReference; lastKnownFileType = wrapper.framework; name = AudioToolbox.framework; path = System/Library/Frameworks/AudioToolbox.framework; sourceTree = SDKROOT; };
		68D38D941B427968009F1511 /* BCWebImageView.h */ = {isa = PBXFileReference; fileEncoding = 4; lastKnownFileType = sourcecode.c.h; path = BCWebImageView.h; sourceTree = "<group>"; };
		68D38D951B427968009F1511 /* BCWebImageView.m */ = {isa = PBXFileReference; fileEncoding = 4; lastKnownFileType = sourcecode.c.objc; path = BCWebImageView.m; sourceTree = "<group>"; };
		68D38D981B427E07009F1511 /* timw_full.jpg */ = {isa = PBXFileReference; lastKnownFileType = image.jpeg; name = timw_full.jpg; path = BirthdayPics/timw_full.jpg; sourceTree = "<group>"; };
		68D38D991B427E07009F1511 /* timw_thumb.jpg */ = {isa = PBXFileReference; lastKnownFileType = image.jpeg; name = timw_thumb.jpg; path = BirthdayPics/timw_thumb.jpg; sourceTree = "<group>"; };
		68D38D9A1B427E07009F1511 /* york_full.jpg */ = {isa = PBXFileReference; lastKnownFileType = image.jpeg; name = york_full.jpg; path = BirthdayPics/york_full.jpg; sourceTree = "<group>"; };
		68D38D9B1B427E07009F1511 /* york_thumb.jpg */ = {isa = PBXFileReference; lastKnownFileType = image.jpeg; name = york_thumb.jpg; path = BirthdayPics/york_thumb.jpg; sourceTree = "<group>"; };
		68D38DA01B43ADE3009F1511 /* facade_circle.png */ = {isa = PBXFileReference; lastKnownFileType = image.png; path = facade_circle.png; sourceTree = SOURCE_ROOT; };
		68D38DA21B43BAFE009F1511 /* BypassTouchImageView.h */ = {isa = PBXFileReference; fileEncoding = 4; lastKnownFileType = sourcecode.c.h; path = BypassTouchImageView.h; sourceTree = "<group>"; };
		68D38DA31B43BAFE009F1511 /* BypassTouchImageView.m */ = {isa = PBXFileReference; fileEncoding = 4; lastKnownFileType = sourcecode.c.objc; path = BypassTouchImageView.m; sourceTree = "<group>"; };
		68D38DA51B43BEA3009F1511 /* james_full.jpg */ = {isa = PBXFileReference; lastKnownFileType = image.jpeg; name = james_full.jpg; path = BirthdayPics/james_full.jpg; sourceTree = "<group>"; };
		68D38DA61B43BEA3009F1511 /* james_thumb.jpg */ = {isa = PBXFileReference; lastKnownFileType = image.jpeg; name = james_thumb.jpg; path = BirthdayPics/james_thumb.jpg; sourceTree = "<group>"; };
		68D38DAB1B43C44B009F1511 /* pat_full.jpg */ = {isa = PBXFileReference; lastKnownFileType = image.jpeg; name = pat_full.jpg; path = BirthdayPics/pat_full.jpg; sourceTree = "<group>"; };
		68D38DAC1B43C44B009F1511 /* pat_thumb.jpg */ = {isa = PBXFileReference; lastKnownFileType = image.jpeg; name = pat_thumb.jpg; path = BirthdayPics/pat_thumb.jpg; sourceTree = "<group>"; };
		68D38DAD1B43C44B009F1511 /* sasalu_full.jpg */ = {isa = PBXFileReference; lastKnownFileType = image.jpeg; name = sasalu_full.jpg; path = BirthdayPics/sasalu_full.jpg; sourceTree = "<group>"; };
		68D38DAE1B43C44B009F1511 /* sasalu_thumb.jpg */ = {isa = PBXFileReference; lastKnownFileType = image.jpeg; name = sasalu_thumb.jpg; path = BirthdayPics/sasalu_thumb.jpg; sourceTree = "<group>"; };
		68D38DAF1B43C44B009F1511 /* YY_full.jpg */ = {isa = PBXFileReference; lastKnownFileType = image.jpeg; name = YY_full.jpg; path = BirthdayPics/YY_full.jpg; sourceTree = "<group>"; };
		68D38DB01B43C44B009F1511 /* YY_thumb.jpg */ = {isa = PBXFileReference; lastKnownFileType = image.jpeg; name = YY_thumb.jpg; path = BirthdayPics/YY_thumb.jpg; sourceTree = "<group>"; };
		68D38DB11B43C44B009F1511 /* 雄_full.jpg */ = {isa = PBXFileReference; lastKnownFileType = image.jpeg; name = "雄_full.jpg"; path = "BirthdayPics/雄_full.jpg"; sourceTree = "<group>"; };
		68D38DB21B43C44B009F1511 /* 雄_thumb.jpg */ = {isa = PBXFileReference; lastKnownFileType = image.jpeg; name = "雄_thumb.jpg"; path = "BirthdayPics/雄_thumb.jpg"; sourceTree = "<group>"; };
		68D38DBD1B43D9C6009F1511 /* janet_full.jpg */ = {isa = PBXFileReference; lastKnownFileType = image.jpeg; name = janet_full.jpg; path = BirthdayPics/janet_full.jpg; sourceTree = "<group>"; };
		68D38DBE1B43D9C6009F1511 /* janet_thumb.jpg */ = {isa = PBXFileReference; lastKnownFileType = image.jpeg; name = janet_thumb.jpg; path = BirthdayPics/janet_thumb.jpg; sourceTree = "<group>"; };
		68D38DC11B450BE6009F1511 /* fei_full.jpg */ = {isa = PBXFileReference; lastKnownFileType = image.jpeg; name = fei_full.jpg; path = BirthdayPics/fei_full.jpg; sourceTree = "<group>"; };
		68D38DC21B450BE6009F1511 /* fei_thumb.jpg */ = {isa = PBXFileReference; lastKnownFileType = image.jpeg; name = fei_thumb.jpg; path = BirthdayPics/fei_thumb.jpg; sourceTree = "<group>"; };
		68D38DC31B450BE6009F1511 /* wind_full.jpg */ = {isa = PBXFileReference; lastKnownFileType = image.jpeg; name = wind_full.jpg; path = BirthdayPics/wind_full.jpg; sourceTree = "<group>"; };
		68D38DC41B450BE6009F1511 /* wind_thumb.jpg */ = {isa = PBXFileReference; lastKnownFileType = image.jpeg; name = wind_thumb.jpg; path = BirthdayPics/wind_thumb.jpg; sourceTree = "<group>"; };
		68D38DC51B450BE6009F1511 /* wizard_full.jpg */ = {isa = PBXFileReference; lastKnownFileType = image.jpeg; name = wizard_full.jpg; path = BirthdayPics/wizard_full.jpg; sourceTree = "<group>"; };
		68D38DC61B450BE6009F1511 /* wizard_thumb.jpg */ = {isa = PBXFileReference; lastKnownFileType = image.jpeg; name = wizard_thumb.jpg; path = BirthdayPics/wizard_thumb.jpg; sourceTree = "<group>"; };
		68D38DCD1B45108A009F1511 /* PicsCollectionViewController.h */ = {isa = PBXFileReference; fileEncoding = 4; lastKnownFileType = sourcecode.c.h; path = PicsCollectionViewController.h; sourceTree = "<group>"; };
		68D38DCE1B45108A009F1511 /* PicsCollectionViewController.m */ = {isa = PBXFileReference; fileEncoding = 4; lastKnownFileType = sourcecode.c.objc; path = PicsCollectionViewController.m; sourceTree = "<group>"; };
		68D38DD01B4523CD009F1511 /* photography.png */ = {isa = PBXFileReference; lastKnownFileType = image.png; path = photography.png; sourceTree = SOURCE_ROOT; };
		68D38DD11B4523CD009F1511 /* refresh.png */ = {isa = PBXFileReference; lastKnownFileType = image.png; path = refresh.png; sourceTree = SOURCE_ROOT; };
		68D38DD41B4635C0009F1511 /* PicsCollectionViewCell.h */ = {isa = PBXFileReference; fileEncoding = 4; lastKnownFileType = sourcecode.c.h; path = PicsCollectionViewCell.h; sourceTree = "<group>"; };
		68D38DD51B4635C0009F1511 /* PicsCollectionViewCell.m */ = {isa = PBXFileReference; fileEncoding = 4; lastKnownFileType = sourcecode.c.objc; path = PicsCollectionViewCell.m; sourceTree = "<group>"; };
		8F4FE2A71B4C4FE0008AC2D9 /* jasonbill_full.jpg */ = {isa = PBXFileReference; lastKnownFileType = image.jpeg; name = jasonbill_full.jpg; path = BirthdayPics/jasonbill_full.jpg; sourceTree = "<group>"; };
		8F4FE2A81B4C4FE0008AC2D9 /* jasonbill_thumb.jpg */ = {isa = PBXFileReference; lastKnownFileType = image.jpeg; name = jasonbill_thumb.jpg; path = BirthdayPics/jasonbill_thumb.jpg; sourceTree = "<group>"; };
		8F4FE2AB1B4C5060008AC2D9 /* 六_full.jpg */ = {isa = PBXFileReference; lastKnownFileType = image.jpeg; name = "六_full.jpg"; path = "BirthdayPics/六_full.jpg"; sourceTree = "<group>"; };
		8F4FE2AC1B4C5060008AC2D9 /* 六_thumb.jpg */ = {isa = PBXFileReference; lastKnownFileType = image.jpeg; name = "六_thumb.jpg"; path = "BirthdayPics/六_thumb.jpg"; sourceTree = "<group>"; };
		8F4FE2AF1B4C5312008AC2D9 /* angela_full.jpg */ = {isa = PBXFileReference; lastKnownFileType = image.jpeg; name = angela_full.jpg; path = BirthdayPics/angela_full.jpg; sourceTree = "<group>"; };
		8F4FE2B01B4C5312008AC2D9 /* angela_thumb.jpg */ = {isa = PBXFileReference; lastKnownFileType = image.jpeg; name = angela_thumb.jpg; path = BirthdayPics/angela_thumb.jpg; sourceTree = "<group>"; };
		8F8E69861B4AF12C0007836D /* birdway_full.jpg */ = {isa = PBXFileReference; lastKnownFileType = image.jpeg; name = birdway_full.jpg; path = BirthdayPics/birdway_full.jpg; sourceTree = "<group>"; };
		8F8E69871B4AF12C0007836D /* birdway_thumb.jpg */ = {isa = PBXFileReference; lastKnownFileType = image.jpeg; name = birdway_thumb.jpg; path = BirthdayPics/birdway_thumb.jpg; sourceTree = "<group>"; };
		8F8E69881B4AF12C0007836D /* dot_full.jpg */ = {isa = PBXFileReference; lastKnownFileType = image.jpeg; name = dot_full.jpg; path = BirthdayPics/dot_full.jpg; sourceTree = "<group>"; };
		8F8E69891B4AF12C0007836D /* dot_thumb.jpg */ = {isa = PBXFileReference; lastKnownFileType = image.jpeg; name = dot_thumb.jpg; path = BirthdayPics/dot_thumb.jpg; sourceTree = "<group>"; };
		8F8E698A1B4AF12C0007836D /* 五福_full.jpg */ = {isa = PBXFileReference; lastKnownFileType = image.jpeg; name = "五福_full.jpg"; path = "BirthdayPics/五福_full.jpg"; sourceTree = "<group>"; };
		8F8E698B1B4AF12C0007836D /* 五福_thumb.jpg */ = {isa = PBXFileReference; lastKnownFileType = image.jpeg; name = "五福_thumb.jpg"; path = "BirthdayPics/五福_thumb.jpg"; sourceTree = "<group>"; };
		8F8E69921B4AF5A80007836D /* chihying_full.jpg */ = {isa = PBXFileReference; lastKnownFileType = image.jpeg; name = chihying_full.jpg; path = BirthdayPics/chihying_full.jpg; sourceTree = "<group>"; };
		8F8E69931B4AF5A80007836D /* chihying_thumb.jpg */ = {isa = PBXFileReference; lastKnownFileType = image.jpeg; name = chihying_thumb.jpg; path = BirthdayPics/chihying_thumb.jpg; sourceTree = "<group>"; };
		8F8E69941B4AF5A80007836D /* rhyme_full.jpg */ = {isa = PBXFileReference; lastKnownFileType = image.jpeg; name = rhyme_full.jpg; path = BirthdayPics/rhyme_full.jpg; sourceTree = "<group>"; };
		8F8E69951B4AF5A80007836D /* rhyme_thumb.jpg */ = {isa = PBXFileReference; lastKnownFileType = image.jpeg; name = rhyme_thumb.jpg; path = BirthdayPics/rhyme_thumb.jpg; sourceTree = "<group>"; };
		8F8E699A1B4B00630007836D /* derek_full.jpg */ = {isa = PBXFileReference; lastKnownFileType = image.jpeg; name = derek_full.jpg; path = BirthdayPics/derek_full.jpg; sourceTree = "<group>"; };
		8F8E699B1B4B00630007836D /* derek_thumb.jpg */ = {isa = PBXFileReference; lastKnownFileType = image.jpeg; name = derek_thumb.jpg; path = BirthdayPics/derek_thumb.jpg; sourceTree = "<group>"; };
/* End PBXFileReference section */

/* Begin PBXFrameworksBuildPhase section */
		6897B7611B3A846300C79DE2 /* Frameworks */ = {
			isa = PBXFrameworksBuildPhase;
			buildActionMask = 2147483647;
			files = (
				68CCA8441B3FD8DC004E9B49 /* AudioToolbox.framework in Frameworks */,
				68CCA8401B3FD80D004E9B49 /* SystemConfiguration.framework in Frameworks */,
				68CCA83E1B3FD7CD004E9B49 /* libsqlite3.dylib in Frameworks */,
				68CCA8381B3FD63F004E9B49 /* Parse.framework in Frameworks */,
				68CCA8371B3FD63F004E9B49 /* Bolts.framework in Frameworks */,
			);
			runOnlyForDeploymentPostprocessing = 0;
		};
		6897B77A1B3A846300C79DE2 /* Frameworks */ = {
			isa = PBXFrameworksBuildPhase;
			buildActionMask = 2147483647;
			files = (
			);
			runOnlyForDeploymentPostprocessing = 0;
		};
/* End PBXFrameworksBuildPhase section */

/* Begin PBXGroup section */
		6897B75B1B3A846300C79DE2 = {
			isa = PBXGroup;
			children = (
				68CCA8431B3FD8DC004E9B49 /* AudioToolbox.framework */,
				68CCA8411B3FD823004E9B49 /* CFNetwork.framework */,
				68CCA83F1B3FD80D004E9B49 /* SystemConfiguration.framework */,
				6897B7661B3A846300C79DE2 /* NicoleHBD */,
				68D38D971B427DFB009F1511 /* BirthdayPics */,
				6897B7801B3A846300C79DE2 /* NicoleHBDTests */,
				68CCA8301B3FD628004E9B49 /* ParseSDK */,
				6897B7651B3A846300C79DE2 /* Products */,
			);
			sourceTree = "<group>";
		};
		6897B7651B3A846300C79DE2 /* Products */ = {
			isa = PBXGroup;
			children = (
				6897B7641B3A846300C79DE2 /* NicoleHBD.app */,
				6897B77D1B3A846300C79DE2 /* NicoleHBDTests.xctest */,
			);
			name = Products;
			sourceTree = "<group>";
		};
		6897B7661B3A846300C79DE2 /* NicoleHBD */ = {
			isa = PBXGroup;
			children = (
				6897B76B1B3A846300C79DE2 /* AppDelegate.h */,
				6897B76C1B3A846300C79DE2 /* AppDelegate.m */,
				688C7DC81B46924D0009AF6D /* Definitions.h */,
				68CCA8271B3BC795004E9B49 /* MainViewController.h */,
				68CCA8281B3BC795004E9B49 /* MainViewController.m */,
				688C7DE51B49F1410009AF6D /* SplashView.h */,
				688C7DE61B49F1410009AF6D /* SplashView.m */,
				688C7DF21B4B91AE0009AF6D /* SplashView.xib */,
				68D38DCD1B45108A009F1511 /* PicsCollectionViewController.h */,
				68D38DCE1B45108A009F1511 /* PicsCollectionViewController.m */,
				68D38DD41B4635C0009F1511 /* PicsCollectionViewCell.h */,
				68D38DD51B4635C0009F1511 /* PicsCollectionViewCell.m */,
				68D38DA21B43BAFE009F1511 /* BypassTouchImageView.h */,
				68D38DA31B43BAFE009F1511 /* BypassTouchImageView.m */,
				688C7DC51B467FD70009AF6D /* ZoomZoomPicView.h */,
				688C7DC61B467FD70009AF6D /* ZoomZoomPicView.m */,
				68D38D941B427968009F1511 /* BCWebImageView.h */,
				68D38D951B427968009F1511 /* BCWebImageView.m */,
				68CCA82D1B3BCD38004E9B49 /* Utilities.h */,
				68CCA82E1B3BCD38004E9B49 /* Utilities.m */,
				6897B7711B3A846300C79DE2 /* Main.storyboard */,
				6897B7741B3A846300C79DE2 /* Images.xcassets */,
				6897B7761B3A846300C79DE2 /* LaunchScreen.xib */,
				68D38DA01B43ADE3009F1511 /* facade_circle.png */,
				68D38DD01B4523CD009F1511 /* photography.png */,
				688C7DC31B467E790009AF6D /* zoom-in.png */,
				68D38DD11B4523CD009F1511 /* refresh.png */,
				688C7DCD1B479D690009AF6D /* dismiss.png */,
				688C7DCE1B479D690009AF6D /* words.png */,
				6897B7671B3A846300C79DE2 /* Supporting Files */,
			);
			path = NicoleHBD;
			sourceTree = "<group>";
		};
		6897B7671B3A846300C79DE2 /* Supporting Files */ = {
			isa = PBXGroup;
			children = (
				6897B7681B3A846300C79DE2 /* Info.plist */,
				6897B7691B3A846300C79DE2 /* main.m */,
			);
			name = "Supporting Files";
			sourceTree = "<group>";
		};
		6897B7801B3A846300C79DE2 /* NicoleHBDTests */ = {
			isa = PBXGroup;
			children = (
				6897B7831B3A846300C79DE2 /* NicoleHBDTests.m */,
				6897B7811B3A846300C79DE2 /* Supporting Files */,
			);
			path = NicoleHBDTests;
			sourceTree = "<group>";
		};
		6897B7811B3A846300C79DE2 /* Supporting Files */ = {
			isa = PBXGroup;
			children = (
				6897B7821B3A846300C79DE2 /* Info.plist */,
			);
			name = "Supporting Files";
			sourceTree = "<group>";
		};
		68CCA8301B3FD628004E9B49 /* ParseSDK */ = {
			isa = PBXGroup;
			children = (
				68CCA83D1B3FD7CD004E9B49 /* libsqlite3.dylib */,
				68CCA8311B3FD63F004E9B49 /* Bolts.framework */,
				68CCA8321B3FD63F004E9B49 /* Parse.framework */,
			);
			name = ParseSDK;
			sourceTree = "<group>";
		};
		68D38D971B427DFB009F1511 /* BirthdayPics */ = {
			isa = PBXGroup;
			children = (
				68D38D981B427E07009F1511 /* timw_full.jpg */,
				68D38D991B427E07009F1511 /* timw_thumb.jpg */,
				68D38D9A1B427E07009F1511 /* york_full.jpg */,
				68D38D9B1B427E07009F1511 /* york_thumb.jpg */,
				68D38DA51B43BEA3009F1511 /* james_full.jpg */,
				68D38DA61B43BEA3009F1511 /* james_thumb.jpg */,
				68D38DBD1B43D9C6009F1511 /* janet_full.jpg */,
				68D38DBE1B43D9C6009F1511 /* janet_thumb.jpg */,
				68D38DAB1B43C44B009F1511 /* pat_full.jpg */,
				68D38DAC1B43C44B009F1511 /* pat_thumb.jpg */,
				68D38DAD1B43C44B009F1511 /* sasalu_full.jpg */,
				68D38DAE1B43C44B009F1511 /* sasalu_thumb.jpg */,
				68D38DAF1B43C44B009F1511 /* YY_full.jpg */,
				68D38DB01B43C44B009F1511 /* YY_thumb.jpg */,
				68D38DB11B43C44B009F1511 /* 雄_full.jpg */,
				68D38DB21B43C44B009F1511 /* 雄_thumb.jpg */,
				68D38DC11B450BE6009F1511 /* fei_full.jpg */,
				68D38DC21B450BE6009F1511 /* fei_thumb.jpg */,
				68D38DC31B450BE6009F1511 /* wind_full.jpg */,
				68D38DC41B450BE6009F1511 /* wind_thumb.jpg */,
				68D38DC51B450BE6009F1511 /* wizard_full.jpg */,
				68D38DC61B450BE6009F1511 /* wizard_thumb.jpg */,
				688C7DC91B4798FF0009AF6D /* joyceasd_full.jpg */,
				688C7DCA1B4798FF0009AF6D /* joyceasd_thumb.jpg */,
				688C7DD11B48F9720009AF6D /* janettomfox_full.jpg */,
				688C7DD21B48F9720009AF6D /* janettomfox_thumb.jpg */,
				688C7DD51B48FCAA0009AF6D /* 許栩_full.jpg */,
				688C7DD61B48FCAA0009AF6D /* 許栩_thumb.jpg */,
				688C7DD91B49BA040009AF6D /* 小智土星_full.jpg */,
				688C7DDA1B49BA040009AF6D /* 小智土星_thumb.jpg */,
				688C7DDD1B49BC820009AF6D /* 嘉瑋_full.jpg */,
				688C7DDE1B49BC820009AF6D /* 嘉瑋_thumb.jpg */,
				688C7DDF1B49BC820009AF6D /* 威良_full.jpg */,
				688C7DE01B49BC820009AF6D /* 威良_thumb.jpg */,
				688C7DEA1B4A110D0009AF6D /* timku_full.jpg */,
				688C7DEB1B4A110D0009AF6D /* timku_thumb.jpg */,
				688C7DEE1B4A118D0009AF6D /* davidlin_full.jpg */,
				688C7DEF1B4A118D0009AF6D /* davidlin_thumb.jpg */,
				8F8E69861B4AF12C0007836D /* birdway_full.jpg */,
				8F8E69871B4AF12C0007836D /* birdway_thumb.jpg */,
				8F8E69881B4AF12C0007836D /* dot_full.jpg */,
				8F8E69891B4AF12C0007836D /* dot_thumb.jpg */,
				8F8E698A1B4AF12C0007836D /* 五福_full.jpg */,
				8F8E698B1B4AF12C0007836D /* 五福_thumb.jpg */,
				8F8E69921B4AF5A80007836D /* chihying_full.jpg */,
				8F8E69931B4AF5A80007836D /* chihying_thumb.jpg */,
				8F8E69941B4AF5A80007836D /* rhyme_full.jpg */,
				8F8E69951B4AF5A80007836D /* rhyme_thumb.jpg */,
				8F8E699A1B4B00630007836D /* derek_full.jpg */,
				8F8E699B1B4B00630007836D /* derek_thumb.jpg */,
				8F4FE2A71B4C4FE0008AC2D9 /* jasonbill_full.jpg */,
				8F4FE2A81B4C4FE0008AC2D9 /* jasonbill_thumb.jpg */,
				8F4FE2AB1B4C5060008AC2D9 /* 六_full.jpg */,
				8F4FE2AC1B4C5060008AC2D9 /* 六_thumb.jpg */,
				8F4FE2AF1B4C5312008AC2D9 /* angela_full.jpg */,
				8F4FE2B01B4C5312008AC2D9 /* angela_thumb.jpg */,
			);
			name = BirthdayPics;
			sourceTree = "<group>";
		};
/* End PBXGroup section */

/* Begin PBXNativeTarget section */
		6897B7631B3A846300C79DE2 /* NicoleHBD */ = {
			isa = PBXNativeTarget;
			buildConfigurationList = 6897B7871B3A846300C79DE2 /* Build configuration list for PBXNativeTarget "NicoleHBD" */;
			buildPhases = (
				6897B7601B3A846300C79DE2 /* Sources */,
				6897B7611B3A846300C79DE2 /* Frameworks */,
				6897B7621B3A846300C79DE2 /* Resources */,
			);
			buildRules = (
			);
			dependencies = (
			);
			name = NicoleHBD;
			productName = NicoleHBD;
			productReference = 6897B7641B3A846300C79DE2 /* NicoleHBD.app */;
			productType = "com.apple.product-type.application";
		};
		6897B77C1B3A846300C79DE2 /* NicoleHBDTests */ = {
			isa = PBXNativeTarget;
			buildConfigurationList = 6897B78A1B3A846300C79DE2 /* Build configuration list for PBXNativeTarget "NicoleHBDTests" */;
			buildPhases = (
				6897B7791B3A846300C79DE2 /* Sources */,
				6897B77A1B3A846300C79DE2 /* Frameworks */,
				6897B77B1B3A846300C79DE2 /* Resources */,
			);
			buildRules = (
			);
			dependencies = (
				6897B77F1B3A846300C79DE2 /* PBXTargetDependency */,
			);
			name = NicoleHBDTests;
			productName = NicoleHBDTests;
			productReference = 6897B77D1B3A846300C79DE2 /* NicoleHBDTests.xctest */;
			productType = "com.apple.product-type.bundle.unit-test";
		};
/* End PBXNativeTarget section */

/* Begin PBXProject section */
		6897B75C1B3A846300C79DE2 /* Project object */ = {
			isa = PBXProject;
			attributes = {
				LastUpgradeCheck = 0630;
				ORGANIZATIONNAME = bobiechen;
				TargetAttributes = {
					6897B7631B3A846300C79DE2 = {
						CreatedOnToolsVersion = 6.3.2;
						SystemCapabilities = {
							com.apple.BackgroundModes = {
								enabled = 1;
							};
						};
					};
					6897B77C1B3A846300C79DE2 = {
						CreatedOnToolsVersion = 6.3.2;
						TestTargetID = 6897B7631B3A846300C79DE2;
					};
				};
			};
			buildConfigurationList = 6897B75F1B3A846300C79DE2 /* Build configuration list for PBXProject "NicoleHBD" */;
			compatibilityVersion = "Xcode 3.2";
			developmentRegion = English;
			hasScannedForEncodings = 0;
			knownRegions = (
				en,
				Base,
			);
			mainGroup = 6897B75B1B3A846300C79DE2;
			productRefGroup = 6897B7651B3A846300C79DE2 /* Products */;
			projectDirPath = "";
			projectRoot = "";
			targets = (
				6897B7631B3A846300C79DE2 /* NicoleHBD */,
				6897B77C1B3A846300C79DE2 /* NicoleHBDTests */,
			);
		};
/* End PBXProject section */

/* Begin PBXResourcesBuildPhase section */
		6897B7621B3A846300C79DE2 /* Resources */ = {
			isa = PBXResourcesBuildPhase;
			buildActionMask = 2147483647;
			files = (
				8F8E698E1B4AF12C0007836D /* dot_full.jpg in Resources */,
				688C7DF31B4B91AE0009AF6D /* SplashView.xib in Resources */,
				6897B7731B3A846300C79DE2 /* Main.storyboard in Resources */,
				68D38DBF1B43D9C6009F1511 /* janet_full.jpg in Resources */,
				688C7DE21B49BC820009AF6D /* 嘉瑋_thumb.jpg in Resources */,
				68D38DB51B43C44B009F1511 /* pat_full.jpg in Resources */,
				68D38DB61B43C44B009F1511 /* pat_thumb.jpg in Resources */,
				68D38DA81B43BEA3009F1511 /* james_thumb.jpg in Resources */,
				688C7DE31B49BC820009AF6D /* 威良_full.jpg in Resources */,
				68D38DCB1B450BE6009F1511 /* wizard_full.jpg in Resources */,
				68D38DC81B450BE6009F1511 /* fei_thumb.jpg in Resources */,
				688C7DDB1B49BA040009AF6D /* 小智土星_full.jpg in Resources */,
				68D38DD21B4523CD009F1511 /* photography.png in Resources */,
				68D38DCA1B450BE6009F1511 /* wind_thumb.jpg in Resources */,
				688C7DD41B48F9720009AF6D /* janettomfox_thumb.jpg in Resources */,
				688C7DDC1B49BA040009AF6D /* 小智土星_thumb.jpg in Resources */,
				688C7DF11B4A118D0009AF6D /* davidlin_thumb.jpg in Resources */,
				68D38DB71B43C44B009F1511 /* sasalu_full.jpg in Resources */,
				688C7DD01B479D690009AF6D /* words.png in Resources */,
				68D38DBC1B43C44B009F1511 /* 雄_thumb.jpg in Resources */,
				8F4FE2A91B4C4FE0008AC2D9 /* jasonbill_full.jpg in Resources */,
				68D38DA11B43ADE3009F1511 /* facade_circle.png in Resources */,
				688C7DD71B48FCAA0009AF6D /* 許栩_full.jpg in Resources */,
				688C7DF01B4A118D0009AF6D /* davidlin_full.jpg in Resources */,
				68D38D9F1B427E07009F1511 /* york_thumb.jpg in Resources */,
				8F4FE2B11B4C5312008AC2D9 /* angela_full.jpg in Resources */,
				8F4FE2B21B4C5312008AC2D9 /* angela_thumb.jpg in Resources */,
				68D38DB81B43C44B009F1511 /* sasalu_thumb.jpg in Resources */,
				688C7DEC1B4A110D0009AF6D /* timku_full.jpg in Resources */,
				8F8E69911B4AF12C0007836D /* 五福_thumb.jpg in Resources */,
				688C7DED1B4A110D0009AF6D /* timku_thumb.jpg in Resources */,
				68D38D9E1B427E07009F1511 /* york_full.jpg in Resources */,
				8F8E69901B4AF12C0007836D /* 五福_full.jpg in Resources */,
				688C7DD31B48F9720009AF6D /* janettomfox_full.jpg in Resources */,
				68D38DC71B450BE6009F1511 /* fei_full.jpg in Resources */,
				8F8E69961B4AF5A80007836D /* chihying_full.jpg in Resources */,
				68D38D9D1B427E07009F1511 /* timw_thumb.jpg in Resources */,
				8F8E698D1B4AF12C0007836D /* birdway_thumb.jpg in Resources */,
				68D38DD31B4523CD009F1511 /* refresh.png in Resources */,
				8F8E699D1B4B00630007836D /* derek_thumb.jpg in Resources */,
				8F4FE2AE1B4C5060008AC2D9 /* 六_thumb.jpg in Resources */,
				688C7DD81B48FCAA0009AF6D /* 許栩_thumb.jpg in Resources */,
				8F4FE2AA1B4C4FE0008AC2D9 /* jasonbill_thumb.jpg in Resources */,
				688C7DCF1B479D690009AF6D /* dismiss.png in Resources */,
				6897B7781B3A846300C79DE2 /* LaunchScreen.xib in Resources */,
				8F8E699C1B4B00630007836D /* derek_full.jpg in Resources */,
				8F8E69991B4AF5A80007836D /* rhyme_thumb.jpg in Resources */,
				68D38D9C1B427E07009F1511 /* timw_full.jpg in Resources */,
				68D38DC91B450BE6009F1511 /* wind_full.jpg in Resources */,
				8F8E698C1B4AF12C0007836D /* birdway_full.jpg in Resources */,
				688C7DE41B49BC820009AF6D /* 威良_thumb.jpg in Resources */,
				68D38DBA1B43C44B009F1511 /* YY_thumb.jpg in Resources */,
				688C7DCB1B4798FF0009AF6D /* joyceasd_full.jpg in Resources */,
				68D38DBB1B43C44B009F1511 /* 雄_full.jpg in Resources */,
				688C7DE11B49BC820009AF6D /* 嘉瑋_full.jpg in Resources */,
				6897B7751B3A846300C79DE2 /* Images.xcassets in Resources */,
				8F4FE2AD1B4C5060008AC2D9 /* 六_full.jpg in Resources */,
				68D38DA71B43BEA3009F1511 /* james_full.jpg in Resources */,
				8F8E69971B4AF5A80007836D /* chihying_thumb.jpg in Resources */,
				68D38DCC1B450BE6009F1511 /* wizard_thumb.jpg in Resources */,
				688C7DCC1B4798FF0009AF6D /* joyceasd_thumb.jpg in Resources */,
				688C7DC41B467E790009AF6D /* zoom-in.png in Resources */,
				8F8E69981B4AF5A80007836D /* rhyme_full.jpg in Resources */,
				68D38DB91B43C44B009F1511 /* YY_full.jpg in Resources */,
				68D38DC01B43D9C6009F1511 /* janet_thumb.jpg in Resources */,
				8F8E698F1B4AF12C0007836D /* dot_thumb.jpg in Resources */,
			);
			runOnlyForDeploymentPostprocessing = 0;
		};
		6897B77B1B3A846300C79DE2 /* Resources */ = {
			isa = PBXResourcesBuildPhase;
			buildActionMask = 2147483647;
			files = (
			);
			runOnlyForDeploymentPostprocessing = 0;
		};
/* End PBXResourcesBuildPhase section */

/* Begin PBXSourcesBuildPhase section */
		6897B7601B3A846300C79DE2 /* Sources */ = {
			isa = PBXSourcesBuildPhase;
			buildActionMask = 2147483647;
			files = (
				68D38D961B427968009F1511 /* BCWebImageView.m in Sources */,
				68D38DD61B4635C0009F1511 /* PicsCollectionViewCell.m in Sources */,
				6897B76D1B3A846300C79DE2 /* AppDelegate.m in Sources */,
				688C7DC71B467FD70009AF6D /* ZoomZoomPicView.m in Sources */,
				6897B76A1B3A846300C79DE2 /* main.m in Sources */,
				688C7DE71B49F1410009AF6D /* SplashView.m in Sources */,
				68D38DCF1B45108A009F1511 /* PicsCollectionViewController.m in Sources */,
				68CCA8291B3BC795004E9B49 /* MainViewController.m in Sources */,
				68CCA82F1B3BCD38004E9B49 /* Utilities.m in Sources */,
				68D38DA41B43BAFE009F1511 /* BypassTouchImageView.m in Sources */,
			);
			runOnlyForDeploymentPostprocessing = 0;
		};
		6897B7791B3A846300C79DE2 /* Sources */ = {
			isa = PBXSourcesBuildPhase;
			buildActionMask = 2147483647;
			files = (
				6897B7841B3A846300C79DE2 /* NicoleHBDTests.m in Sources */,
			);
			runOnlyForDeploymentPostprocessing = 0;
		};
/* End PBXSourcesBuildPhase section */

/* Begin PBXTargetDependency section */
		6897B77F1B3A846300C79DE2 /* PBXTargetDependency */ = {
			isa = PBXTargetDependency;
			target = 6897B7631B3A846300C79DE2 /* NicoleHBD */;
			targetProxy = 6897B77E1B3A846300C79DE2 /* PBXContainerItemProxy */;
		};
/* End PBXTargetDependency section */

/* Begin PBXVariantGroup section */
		6897B7711B3A846300C79DE2 /* Main.storyboard */ = {
			isa = PBXVariantGroup;
			children = (
				6897B7721B3A846300C79DE2 /* Base */,
			);
			name = Main.storyboard;
			sourceTree = "<group>";
		};
		6897B7761B3A846300C79DE2 /* LaunchScreen.xib */ = {
			isa = PBXVariantGroup;
			children = (
				6897B7771B3A846300C79DE2 /* Base */,
			);
			name = LaunchScreen.xib;
			sourceTree = "<group>";
		};
/* End PBXVariantGroup section */

/* Begin XCBuildConfiguration section */
		6897B7851B3A846300C79DE2 /* Debug */ = {
			isa = XCBuildConfiguration;
			buildSettings = {
				ALWAYS_SEARCH_USER_PATHS = NO;
				CLANG_CXX_LANGUAGE_STANDARD = "gnu++0x";
				CLANG_CXX_LIBRARY = "libc++";
				CLANG_ENABLE_MODULES = YES;
				CLANG_ENABLE_OBJC_ARC = YES;
				CLANG_WARN_BOOL_CONVERSION = YES;
				CLANG_WARN_CONSTANT_CONVERSION = YES;
				CLANG_WARN_DIRECT_OBJC_ISA_USAGE = YES_ERROR;
				CLANG_WARN_EMPTY_BODY = YES;
				CLANG_WARN_ENUM_CONVERSION = YES;
				CLANG_WARN_INT_CONVERSION = YES;
				CLANG_WARN_OBJC_ROOT_CLASS = YES_ERROR;
				CLANG_WARN_UNREACHABLE_CODE = YES;
				CLANG_WARN__DUPLICATE_METHOD_MATCH = YES;
				"CODE_SIGN_IDENTITY[sdk=iphoneos*]" = "iPhone Developer";
				COPY_PHASE_STRIP = NO;
				DEBUG_INFORMATION_FORMAT = "dwarf-with-dsym";
				ENABLE_STRICT_OBJC_MSGSEND = YES;
				GCC_C_LANGUAGE_STANDARD = gnu99;
				GCC_DYNAMIC_NO_PIC = NO;
				GCC_NO_COMMON_BLOCKS = YES;
				GCC_OPTIMIZATION_LEVEL = 0;
				GCC_PREPROCESSOR_DEFINITIONS = (
					"DEBUG=1",
					"$(inherited)",
				);
				GCC_SYMBOLS_PRIVATE_EXTERN = NO;
				GCC_WARN_64_TO_32_BIT_CONVERSION = YES;
				GCC_WARN_ABOUT_RETURN_TYPE = YES_ERROR;
				GCC_WARN_UNDECLARED_SELECTOR = YES;
				GCC_WARN_UNINITIALIZED_AUTOS = YES_AGGRESSIVE;
				GCC_WARN_UNUSED_FUNCTION = YES;
				GCC_WARN_UNUSED_VARIABLE = YES;
				IPHONEOS_DEPLOYMENT_TARGET = 8.3;
				MTL_ENABLE_DEBUG_INFO = YES;
				ONLY_ACTIVE_ARCH = YES;
				SDKROOT = iphoneos;
				TARGETED_DEVICE_FAMILY = "1,2";
			};
			name = Debug;
		};
		6897B7861B3A846300C79DE2 /* Release */ = {
			isa = XCBuildConfiguration;
			buildSettings = {
				ALWAYS_SEARCH_USER_PATHS = NO;
				CLANG_CXX_LANGUAGE_STANDARD = "gnu++0x";
				CLANG_CXX_LIBRARY = "libc++";
				CLANG_ENABLE_MODULES = YES;
				CLANG_ENABLE_OBJC_ARC = YES;
				CLANG_WARN_BOOL_CONVERSION = YES;
				CLANG_WARN_CONSTANT_CONVERSION = YES;
				CLANG_WARN_DIRECT_OBJC_ISA_USAGE = YES_ERROR;
				CLANG_WARN_EMPTY_BODY = YES;
				CLANG_WARN_ENUM_CONVERSION = YES;
				CLANG_WARN_INT_CONVERSION = YES;
				CLANG_WARN_OBJC_ROOT_CLASS = YES_ERROR;
				CLANG_WARN_UNREACHABLE_CODE = YES;
				CLANG_WARN__DUPLICATE_METHOD_MATCH = YES;
				"CODE_SIGN_IDENTITY[sdk=iphoneos*]" = "iPhone Developer";
				COPY_PHASE_STRIP = NO;
				DEBUG_INFORMATION_FORMAT = "dwarf-with-dsym";
				ENABLE_NS_ASSERTIONS = NO;
				ENABLE_STRICT_OBJC_MSGSEND = YES;
				GCC_C_LANGUAGE_STANDARD = gnu99;
				GCC_NO_COMMON_BLOCKS = YES;
				GCC_WARN_64_TO_32_BIT_CONVERSION = YES;
				GCC_WARN_ABOUT_RETURN_TYPE = YES_ERROR;
				GCC_WARN_UNDECLARED_SELECTOR = YES;
				GCC_WARN_UNINITIALIZED_AUTOS = YES_AGGRESSIVE;
				GCC_WARN_UNUSED_FUNCTION = YES;
				GCC_WARN_UNUSED_VARIABLE = YES;
				IPHONEOS_DEPLOYMENT_TARGET = 8.3;
				MTL_ENABLE_DEBUG_INFO = NO;
				SDKROOT = iphoneos;
				TARGETED_DEVICE_FAMILY = "1,2";
				VALIDATE_PRODUCT = YES;
			};
			name = Release;
		};
		6897B7881B3A846300C79DE2 /* Debug */ = {
			isa = XCBuildConfiguration;
			buildSettings = {
				ASSETCATALOG_COMPILER_APPICON_NAME = AppIcon;
				FRAMEWORK_SEARCH_PATHS = (
					"$(inherited)",
					"$(PROJECT_DIR)/ParseSDK",
				);
				INFOPLIST_FILE = NicoleHBD/Info.plist;
				IPHONEOS_DEPLOYMENT_TARGET = 7.0;
				LD_RUNPATH_SEARCH_PATHS = "$(inherited) @executable_path/Frameworks";
				PRODUCT_NAME = "$(TARGET_NAME)";
			};
			name = Debug;
		};
		6897B7891B3A846300C79DE2 /* Release */ = {
			isa = XCBuildConfiguration;
			buildSettings = {
				ASSETCATALOG_COMPILER_APPICON_NAME = AppIcon;
				FRAMEWORK_SEARCH_PATHS = (
					"$(inherited)",
					"$(PROJECT_DIR)/ParseSDK",
				);
				INFOPLIST_FILE = NicoleHBD/Info.plist;
				IPHONEOS_DEPLOYMENT_TARGET = 7.0;
				LD_RUNPATH_SEARCH_PATHS = "$(inherited) @executable_path/Frameworks";
				PRODUCT_NAME = "$(TARGET_NAME)";
			};
			name = Release;
		};
		6897B78B1B3A846300C79DE2 /* Debug */ = {
			isa = XCBuildConfiguration;
			buildSettings = {
				BUNDLE_LOADER = "$(TEST_HOST)";
				FRAMEWORK_SEARCH_PATHS = (
					"$(SDKROOT)/Developer/Library/Frameworks",
					"$(inherited)",
				);
				GCC_PREPROCESSOR_DEFINITIONS = (
					"DEBUG=1",
					"$(inherited)",
				);
				INFOPLIST_FILE = NicoleHBDTests/Info.plist;
				LD_RUNPATH_SEARCH_PATHS = "$(inherited) @executable_path/Frameworks @loader_path/Frameworks";
				PRODUCT_NAME = "$(TARGET_NAME)";
				TEST_HOST = "$(BUILT_PRODUCTS_DIR)/NicoleHBD.app/NicoleHBD";
			};
			name = Debug;
		};
		6897B78C1B3A846300C79DE2 /* Release */ = {
			isa = XCBuildConfiguration;
			buildSettings = {
				BUNDLE_LOADER = "$(TEST_HOST)";
				FRAMEWORK_SEARCH_PATHS = (
					"$(SDKROOT)/Developer/Library/Frameworks",
					"$(inherited)",
				);
				INFOPLIST_FILE = NicoleHBDTests/Info.plist;
				LD_RUNPATH_SEARCH_PATHS = "$(inherited) @executable_path/Frameworks @loader_path/Frameworks";
				PRODUCT_NAME = "$(TARGET_NAME)";
				TEST_HOST = "$(BUILT_PRODUCTS_DIR)/NicoleHBD.app/NicoleHBD";
			};
			name = Release;
		};
/* End XCBuildConfiguration section */

/* Begin XCConfigurationList section */
		6897B75F1B3A846300C79DE2 /* Build configuration list for PBXProject "NicoleHBD" */ = {
			isa = XCConfigurationList;
			buildConfigurations = (
				6897B7851B3A846300C79DE2 /* Debug */,
				6897B7861B3A846300C79DE2 /* Release */,
			);
			defaultConfigurationIsVisible = 0;
			defaultConfigurationName = Release;
		};
		6897B7871B3A846300C79DE2 /* Build configuration list for PBXNativeTarget "NicoleHBD" */ = {
			isa = XCConfigurationList;
			buildConfigurations = (
				6897B7881B3A846300C79DE2 /* Debug */,
				6897B7891B3A846300C79DE2 /* Release */,
			);
			defaultConfigurationIsVisible = 0;
			defaultConfigurationName = Release;
		};
		6897B78A1B3A846300C79DE2 /* Build configuration list for PBXNativeTarget "NicoleHBDTests" */ = {
			isa = XCConfigurationList;
			buildConfigurations = (
				6897B78B1B3A846300C79DE2 /* Debug */,
				6897B78C1B3A846300C79DE2 /* Release */,
			);
			defaultConfigurationIsVisible = 0;
			defaultConfigurationName = Release;
		};
/* End XCConfigurationList section */
	};
	rootObject = 6897B75C1B3A846300C79DE2 /* Project object */;
}
